# This file is automatically @generated by Poetry 1.8.2 and should not be changed by hand.

[[package]]
name = "async-timeout"
version = "4.0.3"
description = "Timeout context manager for asyncio programs"
optional = false
python-versions = ">=3.7"
files = [
    {file = "async-timeout-4.0.3.tar.gz", hash = "sha256:4640d96be84d82d02ed59ea2b7105a0f7b33abe8703703cd0ab0bf87c427522f"},
    {file = "async_timeout-4.0.3-py3-none-any.whl", hash = "sha256:7405140ff1230c310e51dc27b3145b9092d659ce68ff733fb0cefe3ee42be028"},
]

[[package]]
name = "redis"
version = "5.0.2"
description = "Python client for Redis database and key-value store"
optional = false
python-versions = ">=3.7"
files = [
    {file = "redis-5.0.2-py3-none-any.whl", hash = "sha256:4caa8e1fcb6f3c0ef28dba99535101d80934b7d4cd541bbb47f4a3826ee472d1"},
    {file = "redis-5.0.2.tar.gz", hash = "sha256:3f82cc80d350e93042c8e6e7a5d0596e4dd68715babffba79492733e1f367037"},
]

[package.dependencies]
async-timeout = ">=4.0.3"

[package.extras]
hiredis = ["hiredis (>=1.0.0)"]
ocsp = ["cryptography (>=36.0.1)", "pyopenssl (==20.0.1)", "requests (>=2.26.0)"]

[metadata]
lock-version = "2.0"
python-versions = "^3.8"
content-hash = "cc884a550cbdb6db4c8530cd481753bd3042bd78262cf00c5b3f9358637d90e1"
